FORGE
  remote: https://forgeapi.puppetlabs.com
  specs:
    KyleAnderson-consul (3.0.0)
      puppet-archive (< 2.0.0, >= 1.0.0)
      puppetlabs-stdlib (< 5.0.0, >= 4.6.0)
    hfm-initsystem (1.1.0)
    jfryman-nginx (999.999.999)
      puppetlabs-apt (< 3.0.0, >= 1.8.0)
      puppetlabs-concat (< 3.0.0, >= 1.1.1)
      puppetlabs-stdlib (< 5.0.0, >= 4.2.0)
    nanliu-staging (1.0.3)
    pcfens-ca_cert (1.6.1)
      puppetlabs-stdlib (< 5.0.0, >= 3.0.0)
    puppet-archive (1.3.0)
      puppetlabs-stdlib (< 5.0.0, >= 4.6.0)
    puppetlabs-apt (2.4.0)
      puppetlabs-stdlib (< 5.0.0, >= 4.13.0)
    puppetlabs-concat (2.2.1)
      puppetlabs-stdlib (< 5.0.0, >= 4.2.0)
    puppetlabs-stdlib (4.19.0)

GIT
  remote: git://github.com/ensighten/puppet-daemontools.git
  ref: master
  sha: c03a311a6e670ac09cf4530a6d429c5f3416456f
  specs:
    jbussdieker-daemontools (0.2.0-ens)

GIT
  remote: git://github.com/patdowney/puppet-vault
  ref: 23d326504f9b85d76a1708ec3f2ba8e300e2112f
  sha: 23d326504f9b85d76a1708ec3f2ba8e300e2112f
  specs:
    jsok-vault (0.4.0)
      hfm-initsystem (>= 0.1.3)
      nanliu-staging (>= 1.0.0)
      puppetlabs-stdlib (>= 4.2.0)

DEPENDENCIES
  KyleAnderson-consul (>= 0)
  jbussdieker-daemontools (>= 0)
  jfryman-nginx (>= 0)
  jsok-vault (>= 0)
  pcfens-ca_cert (>= 0)

