FORGE
  remote: https://forgeapi.puppetlabs.com
  specs:
    jfryman-nginx (0.3.0)
      puppetlabs-apt (< 3.0.0, >= 1.8.0)
      puppetlabs-concat (< 3.0.0, >= 1.1.1)
      puppetlabs-stdlib (< 5.0.0, >= 4.2.0)
    puppetlabs-apt (2.2.2)
      puppetlabs-stdlib (< 5.0.0, >= 4.5.0)
    puppetlabs-concat (1.2.5)
      puppetlabs-stdlib (< 5.0.0, >= 3.2.0)
    puppetlabs-java (1.4.3)
      puppetlabs-stdlib (< 5.0.0, >= 2.4.0)
    puppetlabs-stdlib (4.11.0)
    willdurand-nodejs (1.9.3)
      puppetlabs-stdlib (>= 3.2.1)

DEPENDENCIES
  jfryman-nginx (>= 0)
  puppetlabs-apt (>= 0)
  puppetlabs-java (>= 0)
  willdurand-nodejs (>= 0)

