FORGE
  remote: https://forgeapi.puppetlabs.com
  specs:
    jfryman-nginx (0.3.0)
      puppetlabs-apt (< 3.0.0, >= 1.8.0)
      puppetlabs-concat (< 3.0.0, >= 1.1.1)
      puppetlabs-stdlib (< 5.0.0, >= 4.2.0)
    puppetlabs-apt (2.2.2)
      puppetlabs-stdlib (< 5.0.0, >= 4.5.0)
    puppetlabs-concat (2.1.0)
      puppetlabs-stdlib (< 5.0.0, >= 3.2.0)
    puppetlabs-stdlib (4.11.0)

GIT
  remote: git://github.com/ensighten/puppet-daemontools.git
  ref: master
  sha: c03a311a6e670ac09cf4530a6d429c5f3416456f
  specs:
    jbussdieker-daemontools (0.2.0-ens)

DEPENDENCIES
  jbussdieker-daemontools (>= 0)
  jfryman-nginx (>= 0)

